
Microsoft Visual Studio Solution File, Format Version 12.00
# Visual Studio Version 17
VisualStudioVersion = 17.8.34330.188
MinimumVisualStudioVersion = 10.0.40219.1
Project("{9A19103F-16F7-4668-BE54-9A1E7A4F7556}") = "BibleTxtToCsv", "BibleTxtToCsv\BibleTxtToCsv.csproj", "{EE10F08D-EFB0-4B90-81E5-1B3D9CD6C57C}"
EndProject
Project("{FAE04EC0-301F-11D3-BF4B-00C04F79EFBC}") = "BibleTxtToCsv.Web", "BibleTxtToCsv.Web\BibleTxtToCsv.Web.csproj", "{A4C02C70-EC95-4B28-9314-BB384D0F3EC3}"
EndProject
Project("{FAE04EC0-301F-11D3-BF4B-00C04F79EFBC}") = "BibleTxtToCsv.Lib", "BibleTxtToCsv.Lib\BibleTxtToCsv.Lib.csproj", "{C3D5BFCA-F13F-4630-8270-E67092985165}"
EndProject
Global
	GlobalSection(SolutionConfigurationPlatforms) = preSolution
		Debug|Any CPU = Debug|Any CPU
		Release|Any CPU = Release|Any CPU
	EndGlobalSection
	GlobalSection(ProjectConfigurationPlatforms) = postSolution
		{EE10F08D-EFB0-4B90-81E5-1B3D9CD6C57C}.Debug|Any CPU.ActiveCfg = Debug|Any CPU
		{EE10F08D-EFB0-4B90-81E5-1B3D9CD6C57C}.Debug|Any CPU.Build.0 = Debug|Any CPU
		{EE10F08D-EFB0-4B90-81E5-1B3D9CD6C57C}.Release|Any CPU.ActiveCfg = Release|Any CPU
		{EE10F08D-EFB0-4B90-81E5-1B3D9CD6C57C}.Release|Any CPU.Build.0 = Release|Any CPU
		{A4C02C70-EC95-4B28-9314-BB384D0F3EC3}.Debug|Any CPU.ActiveCfg = Debug|Any CPU
		{A4C02C70-EC95-4B28-9314-BB384D0F3EC3}.Debug|Any CPU.Build.0 = Debug|Any CPU
		{A4C02C70-EC95-4B28-9314-BB384D0F3EC3}.Release|Any CPU.ActiveCfg = Release|Any CPU
		{A4C02C70-EC95-4B28-9314-BB384D0F3EC3}.Release|Any CPU.Build.0 = Release|Any CPU
		{C3D5BFCA-F13F-4630-8270-E67092985165}.Debug|Any CPU.ActiveCfg = Debug|Any CPU
		{C3D5BFCA-F13F-4630-8270-E67092985165}.Debug|Any CPU.Build.0 = Debug|Any CPU
		{C3D5BFCA-F13F-4630-8270-E67092985165}.Release|Any CPU.ActiveCfg = Release|Any CPU
		{C3D5BFCA-F13F-4630-8270-E67092985165}.Release|Any CPU.Build.0 = Release|Any CPU
	EndGlobalSection
	GlobalSection(SolutionProperties) = preSolution
		HideSolutionNode = FALSE
	EndGlobalSection
	GlobalSection(ExtensibilityGlobals) = postSolution
		SolutionGuid = {2C402ED9-CC31-4D33-AEDE-07FB367BE564}
	EndGlobalSection
EndGlobal
